<?xml version="1.0" encoding="utf-8"?>
<Project ToolsVersion="4.0" xmlns="http://schemas.microsoft.com/developer/msbuild/2003">
  <ItemGroup>
    <Filter Include="Kako">
      <UniqueIdentifier>{CBDA877C-B711-890D-60FE-6E104C14050F}</UniqueIdentifier>
    </Filter>
    <Filter Include="Kako\Events">
      <UniqueIdentifier>{4F149871-BBC9-1067-44BE-0A3EB072076B}</UniqueIdentifier>
    </Filter>
    <Filter Include="Kako\ImGui">
      <UniqueIdentifier>{35FCF91A-21B4-3B68-8ABB-14C47692D658}</UniqueIdentifier>
    </Filter>
    <Filter Include="Platform">
      <UniqueIdentifier>{2AC788B4-1694-E3BF-3FAD-D1672BD9184E}</UniqueIdentifier>
    </Filter>
    <Filter Include="Platform\OpenGL">
      <UniqueIdentifier>{1E7D2C1D-8A08-9AE1-9319-1DD6FF23F6E1}</UniqueIdentifier>
    </Filter>
    <Filter Include="Platform\Windows">
      <UniqueIdentifier>{64FBD71A-50F4-F66C-7926-DCF1657ED678}</UniqueIdentifier>
    </Filter>
  </ItemGroup>
  <ItemGroup>
    <ClInclude Include="src\Kako.h" />
    <ClInclude Include="src\Kako\Application.h">
      <Filter>Kako</Filter>
    </ClInclude>
    <ClInclude Include="src\Kako\Core.h">
      <Filter>Kako</Filter>
    </ClInclude>
    <ClInclude Include="src\Kako\EntryPoint.h">
      <Filter>Kako</Filter>
    </ClInclude>
    <ClInclude Include="src\Kako\Events\ApplicationEvent.h">
      <Filter>Kako\Events</Filter>
    </ClInclude>
    <ClInclude Include="src\Kako\Events\Event.h">
      <Filter>Kako\Events</Filter>
    </ClInclude>
    <ClInclude Include="src\Kako\Events\KeyEvent.h">
      <Filter>Kako\Events</Filter>
    </ClInclude>
    <ClInclude Include="src\Kako\Events\MouseEvent.h">
      <Filter>Kako\Events</Filter>
    </ClInclude>
    <ClInclude Include="src\Kako\ImGui\ImGuiLayer.h">
      <Filter>Kako\ImGui</Filter>
    </ClInclude>
    <ClInclude Include="src\Kako\Layer.h">
      <Filter>Kako</Filter>
    </ClInclude>
    <ClInclude Include="src\Kako\LayerStack.h">
      <Filter>Kako</Filter>
    </ClInclude>
    <ClInclude Include="src\Kako\Log.h">
      <Filter>Kako</Filter>
    </ClInclude>
    <ClInclude Include="src\Kako\Window.h">
      <Filter>Kako</Filter>
    </ClInclude>
    <ClInclude Include="src\Platform\OpenGL\ImGuiOpenGLRenderer.h">
      <Filter>Platform\OpenGL</Filter>
    </ClInclude>
    <ClInclude Include="src\Platform\Windows\WindowsWindow.h">
      <Filter>Platform\Windows</Filter>
    </ClInclude>
    <ClInclude Include="src\hzpch.h" />
  </ItemGroup>
  <ItemGroup>
    <ClCompile Include="src\Kako\Application.cpp">
      <Filter>Kako</Filter>
    </ClCompile>
    <ClCompile Include="src\Kako\ImGui\ImGuiLayer.cpp">
      <Filter>Kako\ImGui</Filter>
    </ClCompile>
    <ClCompile Include="src\Kako\Layer.cpp">
      <Filter>Kako</Filter>
    </ClCompile>
    <ClCompile Include="src\Kako\LayerStack.cpp">
      <Filter>Kako</Filter>
    </ClCompile>
    <ClCompile Include="src\Kako\Log.cpp">
      <Filter>Kako</Filter>
    </ClCompile>
    <ClCompile Include="src\Platform\OpenGL\ImGuiOpenGLRenderer.cpp">
      <Filter>Platform\OpenGL</Filter>
    </ClCompile>
    <ClCompile Include="src\Platform\Windows\WindowsWindow.cpp">
      <Filter>Platform\Windows</Filter>
    </ClCompile>
    <ClCompile Include="src\hzpch.cpp" />
  </ItemGroup>
</Project>