<?xml version="1.0" encoding="utf-8"?>
<Project ToolsVersion="4.0" xmlns="http://schemas.microsoft.com/developer/msbuild/2003">
  <ItemGroup>
    <Filter Include="Kako">
      <UniqueIdentifier>{CBDA877C-B711-890D-60FE-6E104C14050F}</UniqueIdentifier>
    </Filter>
  </ItemGroup>
  <ItemGroup>
    <ClInclude Include="src\Kako.h" />
    <ClInclude Include="src\Kako\Application.h">
      <Filter>Kako</Filter>
    </ClInclude>
    <ClInclude Include="src\Kako\Core.h">
      <Filter>Kako</Filter>
    </ClInclude>
    <ClInclude Include="src\Kako\EntryPoint.h">
      <Filter>Kako</Filter>
    </ClInclude>
    <ClInclude Include="src\Kako\Log.h">
      <Filter>Kako</Filter>
    </ClInclude>
  </ItemGroup>
  <ItemGroup>
    <ClCompile Include="src\Kako\Application.cpp">
      <Filter>Kako</Filter>
    </ClCompile>
    <ClCompile Include="src\Kako\Log.cpp">
      <Filter>Kako</Filter>
    </ClCompile>
  </ItemGroup>
</Project>