<?xml version="1.0" encoding="utf-8"?>
<Project ToolsVersion="4.0" xmlns="http://schemas.microsoft.com/developer/msbuild/2003">
  <ItemGroup>
    <Filter Include="Kako">
      <UniqueIdentifier>{CBDA877C-B711-890D-60FE-6E104C14050F}</UniqueIdentifier>
    </Filter>
    <Filter Include="Kako\Events">
      <UniqueIdentifier>{4F149871-BBC9-1067-44BE-0A3EB072076B}</UniqueIdentifier>
    </Filter>
  </ItemGroup>
  <ItemGroup>
    <ClInclude Include="src\Kako.h" />
    <ClInclude Include="src\Kako\Application.h">
      <Filter>Kako</Filter>
    </ClInclude>
    <ClInclude Include="src\Kako\Core.h">
      <Filter>Kako</Filter>
    </ClInclude>
    <ClInclude Include="src\Kako\EntryPoint.h">
      <Filter>Kako</Filter>
    </ClInclude>
    <ClInclude Include="src\Kako\Events\ApplicationEvent.h">
      <Filter>Kako\Events</Filter>
    </ClInclude>
    <ClInclude Include="src\Kako\Events\Event.h">
      <Filter>Kako\Events</Filter>
    </ClInclude>
    <ClInclude Include="src\Kako\Events\KeyEvent.h">
      <Filter>Kako\Events</Filter>
    </ClInclude>
    <ClInclude Include="src\Kako\Events\MouseEvent.h">
      <Filter>Kako\Events</Filter>
    </ClInclude>
    <ClInclude Include="src\Kako\Log.h">
      <Filter>Kako</Filter>
    </ClInclude>
    <ClInclude Include="src\hzpch.h" />
  </ItemGroup>
  <ItemGroup>
    <ClCompile Include="src\Kako\Application.cpp">
      <Filter>Kako</Filter>
    </ClCompile>
    <ClCompile Include="src\Kako\Log.cpp">
      <Filter>Kako</Filter>
    </ClCompile>
    <ClCompile Include="src\hzpch.cpp" />
  </ItemGroup>
</Project>